// !$*UTF8*$!
{
	archiveVersion = 1;
	classes = {
	};
	objectVersion = 56;
	objects = {

/* Begin PBXBuildFile section */
		B438EDB8299959D500B7C80B /* ContactInfoViewController.swift in Sources */ = {isa = PBXBuildFile; fileRef = B438EDB7299959D500B7C80B /* ContactInfoViewController.swift */; };
		B438EDBF29996A3A00B7C80B /* ShowExactlyTableViewController.swift in Sources */ = {isa = PBXBuildFile; fileRef = B438EDBE29996A3A00B7C80B /* ShowExactlyTableViewController.swift */; };
		B4DF6DF529990F750091D84C /* AppDelegate.swift in Sources */ = {isa = PBXBuildFile; fileRef = B4DF6DF429990F750091D84C /* AppDelegate.swift */; };
		B4DF6DF729990F750091D84C /* SceneDelegate.swift in Sources */ = {isa = PBXBuildFile; fileRef = B4DF6DF629990F750091D84C /* SceneDelegate.swift */; };
		B4DF6DFC29990F750091D84C /* Main.storyboard in Resources */ = {isa = PBXBuildFile; fileRef = B4DF6DFA29990F750091D84C /* Main.storyboard */; };
		B4DF6DFE29990F760091D84C /* Assets.xcassets in Resources */ = {isa = PBXBuildFile; fileRef = B4DF6DFD29990F760091D84C /* Assets.xcassets */; };
		B4DF6E0129990F760091D84C /* LaunchScreen.storyboard in Resources */ = {isa = PBXBuildFile; fileRef = B4DF6DFF29990F760091D84C /* LaunchScreen.storyboard */; };
		B4DF6E0B2999108D0091D84C /* Person.swift in Sources */ = {isa = PBXBuildFile; fileRef = B4DF6E0A2999108D0091D84C /* Person.swift */; };
		B4DF6E0F29991B2C0091D84C /* ContactListViewController.swift in Sources */ = {isa = PBXBuildFile; fileRef = B4DF6E0E29991B2C0091D84C /* ContactListViewController.swift */; };
/* End PBXBuildFile section */

/* Begin PBXFileReference section */
		B438EDB7299959D500B7C80B /* ContactInfoViewController.swift */ = {isa = PBXFileReference; lastKnownFileType = sourcecode.swift; path = ContactInfoViewController.swift; sourceTree = "<group>"; };
		B438EDBE29996A3A00B7C80B /* ShowExactlyTableViewController.swift */ = {isa = PBXFileReference; lastKnownFileType = sourcecode.swift; path = ShowExactlyTableViewController.swift; sourceTree = "<group>"; };
		B4DF6DF129990F750091D84C /* tableViewControl.app */ = {isa = PBXFileReference; explicitFileType = wrapper.application; includeInIndex = 0; path = tableViewControl.app; sourceTree = BUILT_PRODUCTS_DIR; };
		B4DF6DF429990F750091D84C /* AppDelegate.swift */ = {isa = PBXFileReference; lastKnownFileType = sourcecode.swift; path = AppDelegate.swift; sourceTree = "<group>"; };
		B4DF6DF629990F750091D84C /* SceneDelegate.swift */ = {isa = PBXFileReference; lastKnownFileType = sourcecode.swift; path = SceneDelegate.swift; sourceTree = "<group>"; };
		B4DF6DFB29990F750091D84C /* Base */ = {isa = PBXFileReference; lastKnownFileType = file.storyboard; name = Base; path = Base.lproj/Main.storyboard; sourceTree = "<group>"; };
		B4DF6DFD29990F760091D84C /* Assets.xcassets */ = {isa = PBXFileReference; lastKnownFileType = folder.assetcatalog; path = Assets.xcassets; sourceTree = "<group>"; };
		B4DF6E0029990F760091D84C /* Base */ = {isa = PBXFileReference; lastKnownFileType = file.storyboard; name = Base; path = Base.lproj/LaunchScreen.storyboard; sourceTree = "<group>"; };
		B4DF6E0229990F760091D84C /* Info.plist */ = {isa = PBXFileReference; lastKnownFileType = text.plist.xml; path = Info.plist; sourceTree = "<group>"; };
		B4DF6E0A2999108D0091D84C /* Person.swift */ = {isa = PBXFileReference; lastKnownFileType = sourcecode.swift; path = Person.swift; sourceTree = "<group>"; };
		B4DF6E0E29991B2C0091D84C /* ContactListViewController.swift */ = {isa = PBXFileReference; lastKnownFileType = sourcecode.swift; path = ContactListViewController.swift; sourceTree = "<group>"; };
/* End PBXFileReference section */

/* Begin PBXFrameworksBuildPhase section */
		B4DF6DEE29990F750091D84C /* Frameworks */ = {
			isa = PBXFrameworksBuildPhase;
			buildActionMask = 2147483647;
			files = (
			);
			runOnlyForDeploymentPostprocessing = 0;
		};
/* End PBXFrameworksBuildPhase section */

/* Begin PBXGroup section */
		B438EDBA299959F000B7C80B /* Controllers */ = {
			isa = PBXGroup;
			children = (
				B4DF6E0E29991B2C0091D84C /* ContactListViewController.swift */,
				B438EDB7299959D500B7C80B /* ContactInfoViewController.swift */,
				B438EDBE29996A3A00B7C80B /* ShowExactlyTableViewController.swift */,
			);
			path = Controllers;
			sourceTree = "<group>";
		};
		B438EDBB29995A0200B7C80B /* Supports */ = {
			isa = PBXGroup;
			children = (
				B4DF6DFD29990F760091D84C /* Assets.xcassets */,
				B4DF6E0229990F760091D84C /* Info.plist */,
				B4DF6DF429990F750091D84C /* AppDelegate.swift */,
				B4DF6DF629990F750091D84C /* SceneDelegate.swift */,
			);
			path = Supports;
			sourceTree = "<group>";
		};
		B438EDBC29995A1700B7C80B /* Screens */ = {
			isa = PBXGroup;
			children = (
				B4DF6DFA29990F750091D84C /* Main.storyboard */,
				B4DF6DFF29990F760091D84C /* LaunchScreen.storyboard */,
			);
			path = Screens;
			sourceTree = "<group>";
		};
		B438EDBD29995A1E00B7C80B /* Model */ = {
			isa = PBXGroup;
			children = (
				B4DF6E0A2999108D0091D84C /* Person.swift */,
			);
			path = Model;
			sourceTree = "<group>";
		};
		B4DF6DE829990F740091D84C = {
			isa = PBXGroup;
			children = (
				B4DF6DF329990F750091D84C /* tableViewControl */,
				B4DF6DF229990F750091D84C /* Products */,
			);
			sourceTree = "<group>";
		};
		B4DF6DF229990F750091D84C /* Products */ = {
			isa = PBXGroup;
			children = (
				B4DF6DF129990F750091D84C /* tableViewControl.app */,
			);
			name = Products;
			sourceTree = "<group>";
		};
		B4DF6DF329990F750091D84C /* tableViewControl */ = {
			isa = PBXGroup;
			children = (
				B438EDBD29995A1E00B7C80B /* Model */,
				B438EDBC29995A1700B7C80B /* Screens */,
				B438EDBA299959F000B7C80B /* Controllers */,
				B438EDBB29995A0200B7C80B /* Supports */,
			);
			path = tableViewControl;
			sourceTree = "<group>";
		};
/* End PBXGroup section */

/* Begin PBXNativeTarget section */
		B4DF6DF029990F750091D84C /* tableViewControl */ = {
			isa = PBXNativeTarget;
			buildConfigurationList = B4DF6E0529990F760091D84C /* Build configuration list for PBXNativeTarget "tableViewControl" */;
			buildPhases = (
				B4DF6DED29990F750091D84C /* Sources */,
				B4DF6DEE29990F750091D84C /* Frameworks */,
				B4DF6DEF29990F750091D84C /* Resources */,
			);
			buildRules = (
			);
			dependencies = (
			);
			name = tableViewControl;
			productName = tableViewControl;
			productReference = B4DF6DF129990F750091D84C /* tableViewControl.app */;
			productType = "com.apple.product-type.application";
		};
/* End PBXNativeTarget section */

/* Begin PBXProject section */
		B4DF6DE929990F740091D84C /* Project object */ = {
			isa = PBXProject;
			attributes = {
				BuildIndependentTargetsInParallel = 1;
				LastSwiftUpdateCheck = 1420;
				LastUpgradeCheck = 1420;
				TargetAttributes = {
					B4DF6DF029990F750091D84C = {
						CreatedOnToolsVersion = 14.2;
					};
				};
			};
			buildConfigurationList = B4DF6DEC29990F740091D84C /* Build configuration list for PBXProject "tableViewControl" */;
			compatibilityVersion = "Xcode 14.0";
			developmentRegion = en;
			hasScannedForEncodings = 0;
			knownRegions = (
				en,
				Base,
			);
			mainGroup = B4DF6DE829990F740091D84C;
			productRefGroup = B4DF6DF229990F750091D84C /* Products */;
			projectDirPath = "";
			projectRoot = "";
			targets = (
				B4DF6DF029990F750091D84C /* tableViewControl */,
			);
		};
/* End PBXProject section */

/* Begin PBXResourcesBuildPhase section */
		B4DF6DEF29990F750091D84C /* Resources */ = {
			isa = PBXResourcesBuildPhase;
			buildActionMask = 2147483647;
			files = (
				B4DF6E0129990F760091D84C /* LaunchScreen.storyboard in Resources */,
				B4DF6DFE29990F760091D84C /* Assets.xcassets in Resources */,
				B4DF6DFC29990F750091D84C /* Main.storyboard in Resources */,
			);
			runOnlyForDeploymentPostprocessing = 0;
		};
/* End PBXResourcesBuildPhase section */

/* Begin PBXSourcesBuildPhase section */
		B4DF6DED29990F750091D84C /* Sources */ = {
			isa = PBXSourcesBuildPhase;
			buildActionMask = 2147483647;
			files = (
				B4DF6DF529990F750091D84C /* AppDelegate.swift in Sources */,
				B438EDB8299959D500B7C80B /* ContactInfoViewController.swift in Sources */,
				B4DF6E0F29991B2C0091D84C /* ContactListViewController.swift in Sources */,
				B4DF6DF729990F750091D84C /* SceneDelegate.swift in Sources */,
				B4DF6E0B2999108D0091D84C /* Person.swift in Sources */,
				B438EDBF29996A3A00B7C80B /* ShowExactlyTableViewController.swift in Sources */,
			);
			runOnlyForDeploymentPostprocessing = 0;
		};
/* End PBXSourcesBuildPhase section */

/* Begin PBXVariantGroup section */
		B4DF6DFA29990F750091D84C /* Main.storyboard */ = {
			isa = PBXVariantGroup;
			children = (
				B4DF6DFB29990F750091D84C /* Base */,
			);
			name = Main.storyboard;
			sourceTree = "<group>";
		};
		B4DF6DFF29990F760091D84C /* LaunchScreen.storyboard */ = {
			isa = PBXVariantGroup;
			children = (
				B4DF6E0029990F760091D84C /* Base */,
			);
			name = LaunchScreen.storyboard;
			sourceTree = "<group>";
		};
/* End PBXVariantGroup section */

/* Begin XCBuildConfiguration section */
		B4DF6E0329990F760091D84C /* Debug */ = {
			isa = XCBuildConfiguration;
			buildSettings = {
				ALWAYS_SEARCH_USER_PATHS = NO;
				CLANG_ANALYZER_NONNULL = YES;
				CLANG_ANALYZER_NUMBER_OBJECT_CONVERSION = YES_AGGRESSIVE;
				CLANG_CXX_LANGUAGE_STANDARD = "gnu++20";
				CLANG_ENABLE_MODULES = YES;
				CLANG_ENABLE_OBJC_ARC = YES;
				CLANG_ENABLE_OBJC_WEAK = YES;
				CLANG_WARN_BLOCK_CAPTURE_AUTORELEASING = YES;
				CLANG_WARN_BOOL_CONVERSION = YES;
				CLANG_WARN_COMMA = YES;
				CLANG_WARN_CONSTANT_CONVERSION = YES;
				CLANG_WARN_DEPRECATED_OBJC_IMPLEMENTATIONS = YES;
				CLANG_WARN_DIRECT_OBJC_ISA_USAGE = YES_ERROR;
				CLANG_WARN_DOCUMENTATION_COMMENTS = YES;
				CLANG_WARN_EMPTY_BODY = YES;
				CLANG_WARN_ENUM_CONVERSION = YES;
				CLANG_WARN_INFINITE_RECURSION = YES;
				CLANG_WARN_INT_CONVERSION = YES;
				CLANG_WARN_NON_LITERAL_NULL_CONVERSION = YES;
				CLANG_WARN_OBJC_IMPLICIT_RETAIN_SELF = YES;
				CLANG_WARN_OBJC_LITERAL_CONVERSION = YES;
				CLANG_WARN_OBJC_ROOT_CLASS = YES_ERROR;
				CLANG_WARN_QUOTED_INCLUDE_IN_FRAMEWORK_HEADER = YES;
				CLANG_WARN_RANGE_LOOP_ANALYSIS = YES;
				CLANG_WARN_STRICT_PROTOTYPES = YES;
				CLANG_WARN_SUSPICIOUS_MOVE = YES;
				CLANG_WARN_UNGUARDED_AVAILABILITY = YES_AGGRESSIVE;
				CLANG_WARN_UNREACHABLE_CODE = YES;
				CLANG_WARN__DUPLICATE_METHOD_MATCH = YES;
				COPY_PHASE_STRIP = NO;
				DEBUG_INFORMATION_FORMAT = dwarf;
				ENABLE_STRICT_OBJC_MSGSEND = YES;
				ENABLE_TESTABILITY = YES;
				GCC_C_LANGUAGE_STANDARD = gnu11;
				GCC_DYNAMIC_NO_PIC = NO;
				GCC_NO_COMMON_BLOCKS = YES;
				GCC_OPTIMIZATION_LEVEL = 0;
				GCC_PREPROCESSOR_DEFINITIONS = (
					"DEBUG=1",
					"$(inherited)",
				);
				GCC_WARN_64_TO_32_BIT_CONVERSION = YES;
				GCC_WARN_ABOUT_RETURN_TYPE = YES_ERROR;
				GCC_WARN_UNDECLARED_SELECTOR = YES;
				GCC_WARN_UNINITIALIZED_AUTOS = YES_AGGRESSIVE;
				GCC_WARN_UNUSED_FUNCTION = YES;
				GCC_WARN_UNUSED_VARIABLE = YES;
				IPHONEOS_DEPLOYMENT_TARGET = 16.2;
				MTL_ENABLE_DEBUG_INFO = INCLUDE_SOURCE;
				MTL_FAST_MATH = YES;
				ONLY_ACTIVE_ARCH = YES;
				SDKROOT = iphoneos;
				SWIFT_ACTIVE_COMPILATION_CONDITIONS = DEBUG;
				SWIFT_OPTIMIZATION_LEVEL = "-Onone";
			};
			name = Debug;
		};
		B4DF6E0429990F760091D84C /* Release */ = {
			isa = XCBuildConfiguration;
			buildSettings = {
				ALWAYS_SEARCH_USER_PATHS = NO;
				CLANG_ANALYZER_NONNULL = YES;
				CLANG_ANALYZER_NUMBER_OBJECT_CONVERSION = YES_AGGRESSIVE;
				CLANG_CXX_LANGUAGE_STANDARD = "gnu++20";
				CLANG_ENABLE_MODULES = YES;
				CLANG_ENABLE_OBJC_ARC = YES;
				CLANG_ENABLE_OBJC_WEAK = YES;
				CLANG_WARN_BLOCK_CAPTURE_AUTORELEASING = YES;
				CLANG_WARN_BOOL_CONVERSION = YES;
				CLANG_WARN_COMMA = YES;
				CLANG_WARN_CONSTANT_CONVERSION = YES;
				CLANG_WARN_DEPRECATED_OBJC_IMPLEMENTATIONS = YES;
				CLANG_WARN_DIRECT_OBJC_ISA_USAGE = YES_ERROR;
				CLANG_WARN_DOCUMENTATION_COMMENTS = YES;
				CLANG_WARN_EMPTY_BODY = YES;
				CLANG_WARN_ENUM_CONVERSION = YES;
				CLANG_WARN_INFINITE_RECURSION = YES;
				CLANG_WARN_INT_CONVERSION = YES;
				CLANG_WARN_NON_LITERAL_NULL_CONVERSION = YES;
				CLANG_WARN_OBJC_IMPLICIT_RETAIN_SELF = YES;
				CLANG_WARN_OBJC_LITERAL_CONVERSION = YES;
				CLANG_WARN_OBJC_ROOT_CLASS = YES_ERROR;
				CLANG_WARN_QUOTED_INCLUDE_IN_FRAMEWORK_HEADER = YES;
				CLANG_WARN_RANGE_LOOP_ANALYSIS = YES;
				CLANG_WARN_STRICT_PROTOTYPES = YES;
				CLANG_WARN_SUSPICIOUS_MOVE = YES;
				CLANG_WARN_UNGUARDED_AVAILABILITY = YES_AGGRESSIVE;
				CLANG_WARN_UNREACHABLE_CODE = YES;
				CLANG_WARN__DUPLICATE_METHOD_MATCH = YES;
				COPY_PHASE_STRIP = NO;
				DEBUG_INFORMATION_FORMAT = "dwarf-with-dsym";
				ENABLE_NS_ASSERTIONS = NO;
				ENABLE_STRICT_OBJC_MSGSEND = YES;
				GCC_C_LANGUAGE_STANDARD = gnu11;
				GCC_NO_COMMON_BLOCKS = YES;
				GCC_WARN_64_TO_32_BIT_CONVERSION = YES;
				GCC_WARN_ABOUT_RETURN_TYPE = YES_ERROR;
				GCC_WARN_UNDECLARED_SELECTOR = YES;
				GCC_WARN_UNINITIALIZED_AUTOS = YES_AGGRESSIVE;
				GCC_WARN_UNUSED_FUNCTION = YES;
				GCC_WARN_UNUSED_VARIABLE = YES;
				IPHONEOS_DEPLOYMENT_TARGET = 16.2;
				MTL_ENABLE_DEBUG_INFO = NO;
				MTL_FAST_MATH = YES;
				SDKROOT = iphoneos;
				SWIFT_COMPILATION_MODE = wholemodule;
				SWIFT_OPTIMIZATION_LEVEL = "-O";
				VALIDATE_PRODUCT = YES;
			};
			name = Release;
		};
		B4DF6E0629990F760091D84C /* Debug */ = {
			isa = XCBuildConfiguration;
			buildSettings = {
				ASSETCATALOG_COMPILER_APPICON_NAME = AppIcon;
				ASSETCATALOG_COMPILER_GLOBAL_ACCENT_COLOR_NAME = AccentColor;
				CODE_SIGN_STYLE = Automatic;
				CURRENT_PROJECT_VERSION = 1;
				DEVELOPMENT_TEAM = BVXR3NMJ8K;
				GENERATE_INFOPLIST_FILE = YES;
				INFOPLIST_FILE = tableViewControl/Supports/Info.plist;
				INFOPLIST_KEY_UIApplicationSupportsIndirectInputEvents = YES;
				INFOPLIST_KEY_UILaunchStoryboardName = LaunchScreen;
				INFOPLIST_KEY_UIMainStoryboardFile = Main;
				INFOPLIST_KEY_UISupportedInterfaceOrientations_iPad = "UIInterfaceOrientationPortrait UIInterfaceOrientationPortraitUpsideDown UIInterfaceOrientationLandscapeLeft UIInterfaceOrientationLandscapeRight";
				INFOPLIST_KEY_UISupportedInterfaceOrientations_iPhone = "UIInterfaceOrientationPortrait UIInterfaceOrientationLandscapeLeft UIInterfaceOrientationLandscapeRight";
				LD_RUNPATH_SEARCH_PATHS = (
					"$(inherited)",
					"@executable_path/Frameworks",
				);
				MARKETING_VERSION = 1.0;
				PRODUCT_BUNDLE_IDENTIFIER = aidarbye.tableViewControl;
				PRODUCT_NAME = "$(TARGET_NAME)";
				SUPPORTED_PLATFORMS = "iphoneos iphonesimulator";
				SUPPORTS_MACCATALYST = NO;
				SUPPORTS_MAC_DESIGNED_FOR_IPHONE_IPAD = NO;
				SWIFT_EMIT_LOC_STRINGS = YES;
				SWIFT_VERSION = 5.0;
				TARGETED_DEVICE_FAMILY = 1;
			};
			name = Debug;
		};
		B4DF6E0729990F760091D84C /* Release */ = {
			isa = XCBuildConfiguration;
			buildSettings = {
				ASSETCATALOG_COMPILER_APPICON_NAME = AppIcon;
				ASSETCATALOG_COMPILER_GLOBAL_ACCENT_COLOR_NAME = AccentColor;
				CODE_SIGN_STYLE = Automatic;
				CURRENT_PROJECT_VERSION = 1;
				DEVELOPMENT_TEAM = BVXR3NMJ8K;
				GENERATE_INFOPLIST_FILE = YES;
				INFOPLIST_FILE = tableViewControl/Supports/Info.plist;
				INFOPLIST_KEY_UIApplicationSupportsIndirectInputEvents = YES;
				INFOPLIST_KEY_UILaunchStoryboardName = LaunchScreen;
				INFOPLIST_KEY_UIMainStoryboardFile = Main;
				INFOPLIST_KEY_UISupportedInterfaceOrientations_iPad = "UIInterfaceOrientationPortrait UIInterfaceOrientationPortraitUpsideDown UIInterfaceOrientationLandscapeLeft UIInterfaceOrientationLandscapeRight";
				INFOPLIST_KEY_UISupportedInterfaceOrientations_iPhone = "UIInterfaceOrientationPortrait UIInterfaceOrientationLandscapeLeft UIInterfaceOrientationLandscapeRight";
				LD_RUNPATH_SEARCH_PATHS = (
					"$(inherited)",
					"@executable_path/Frameworks",
				);
				MARKETING_VERSION = 1.0;
				PRODUCT_BUNDLE_IDENTIFIER = aidarbye.tableViewControl;
				PRODUCT_NAME = "$(TARGET_NAME)";
				SUPPORTED_PLATFORMS = "iphoneos iphonesimulator";
				SUPPORTS_MACCATALYST = NO;
				SUPPORTS_MAC_DESIGNED_FOR_IPHONE_IPAD = NO;
				SWIFT_EMIT_LOC_STRINGS = YES;
				SWIFT_VERSION = 5.0;
				TARGETED_DEVICE_FAMILY = 1;
			};
			name = Release;
		};
/* End XCBuildConfiguration section */

/* Begin XCConfigurationList section */
		B4DF6DEC29990F740091D84C /* Build configuration list for PBXProject "tableViewControl" */ = {
			isa = XCConfigurationList;
			buildConfigurations = (
				B4DF6E0329990F760091D84C /* Debug */,
				B4DF6E0429990F760091D84C /* Release */,
			);
			defaultConfigurationIsVisible = 0;
			defaultConfigurationName = Release;
		};
		B4DF6E0529990F760091D84C /* Build configuration list for PBXNativeTarget "tableViewControl" */ = {
			isa = XCConfigurationList;
			buildConfigurations = (
				B4DF6E0629990F760091D84C /* Debug */,
				B4DF6E0729990F760091D84C /* Release */,
			);
			defaultConfigurationIsVisible = 0;
			defaultConfigurationName = Release;
		};
/* End XCConfigurationList section */
	};
	rootObject = B4DF6DE929990F740091D84C /* Project object */;
}
